<Solution>
	<Folder Name="/Solution Items/">
		<File Path=".editorconfig" />
		<File Path=".gitattributes" />
		<File Path=".gitignore" />
		<File Path="Directory.Build.props" />
		<File Path="global.json" />
		<File Path="LICENSE" />
		<File Path="nuget.config" />
	</Folder>
	<Folder Name="/src/">
		<File Path="src/Directory.Build.props" />
		<File Path="src/Directory.Build.targets" />
		<Project Path="src/Reference.Data.EntityFramework/Reference.Data.EntityFramework.csproj" />
		<Project Path="src/Reference.Data.EntityFramework.Migrations/Reference.Data.EntityFramework.Migrations.csproj" />
		<Project Path="src/Reference.Data.EntityFramework.Migrations.PostgreSQL/Reference.Data.EntityFramework.Migrations.PostgreSQL.csproj" />
		<Project Path="src/Reference.Data.EntityFramework.Migrations.SqlServer/Reference.Data.EntityFramework.Migrations.SqlServer.csproj" />
		<Project Path="src/Reference.Data.Namespaces/Reference.Data.Namespaces.csproj" />
		<Project Path="src/Reference.Data.Primitives/Reference.Data.Primitives.csproj" />
	</Folder>
	<Folder Name="/tools/">
		<File Path="tools/Directory.Build.props" />
		<File Path="tools/Directory.Build.targets" />
		<Project Path="tools/SeedTool/SeedTool.csproj" />
	</Folder>
	<Folder Name="/gen/">
		<File Path="gen/Directory.Build.props" />
		<File Path="gen/Directory.Build.targets" />
		<Project Path="gen/Reference.Data.Primitives.Generator/Reference.Data.Primitives.Generator.csproj" />
	</Folder>
	<Folder Name="/tests/">
		<File Path="tests/Directory.Build.props" />
		<Project Path="tests/Reference.Data.EntityFramework.Migrations.PostgreSQL.Tests/Reference.Data.EntityFramework.Migrations.PostgreSQL.Tests.csproj" />
		<Project Path="tests/Reference.Data.EntityFramework.Migrations.SqlServer.Tests/Reference.Data.EntityFramework.Migrations.SqlServer.Tests.csproj" />
		<Project Path="tests/Reference.Data.EntityFramework.Migrations.Tests/Reference.Data.EntityFramework.Migrations.Tests.csproj" />
		<Project Path="tests/Reference.Data.EntityFramework.Tests/Reference.Data.EntityFramework.Tests.csproj" />
		<Project Path="tests/Reference.Data.Namespaces.Tests/Reference.Data.Namespaces.Tests.csproj" />
		<Project Path="tests/Reference.Data.Primitives.Generator.Tests/Reference.Data.Primitives.Generator.Tests.csproj" />
		<Project Path="tests/Reference.Data.Primitives.Tests/Reference.Data.Primitives.Tests.csproj" />
		<Project Path="tests/SeedTool.Tests/SeedTool.Tests.csproj" />
	</Folder>
</Solution>
